
Microsoft Visual Studio Solution File, Format Version 12.00
# Visual Studio Version 17
VisualStudioVersion = 17.7.34024.191
MinimumVisualStudioVersion = 10.0.40219.1
Project("{FAE04EC0-301F-11D3-BF4B-00C04F79EFBC}") = "CMDKhakatonProject", "CMDKhakatonProject\CMDKhakatonProject.csproj", "{076871DA-78E0-472A-8E73-5E9AE035F36F}"
EndProject
Global
	GlobalSection(SolutionConfigurationPlatforms) = preSolution
		Debug|Any CPU = Debug|Any CPU
		Release|Any CPU = Release|Any CPU
	EndGlobalSection
	GlobalSection(ProjectConfigurationPlatforms) = postSolution
		{076871DA-78E0-472A-8E73-5E9AE035F36F}.Debug|Any CPU.ActiveCfg = Debug|Any CPU
		{076871DA-78E0-472A-8E73-5E9AE035F36F}.Debug|Any CPU.Build.0 = Debug|Any CPU
		{076871DA-78E0-472A-8E73-5E9AE035F36F}.Release|Any CPU.ActiveCfg = Release|Any CPU
		{076871DA-78E0-472A-8E73-5E9AE035F36F}.Release|Any CPU.Build.0 = Release|Any CPU
	EndGlobalSection
	GlobalSection(SolutionProperties) = preSolution
		HideSolutionNode = FALSE
	EndGlobalSection
	GlobalSection(ExtensibilityGlobals) = postSolution
		SolutionGuid = {198E1BBD-A000-4A0D-9F63-6179E8B14CDC}
	EndGlobalSection
EndGlobal
